
Microsoft Visual Studio Solution File, Format Version 12.00
# Visual Studio Version 17
VisualStudioVersion = 17.8.34330.188
MinimumVisualStudioVersion = 10.0.40219.1
Project("{9A19103F-16F7-4668-BE54-9A1E7A4F7556}") = "PdfDocumentHandler", "src\PdfDocumentHandler\PdfDocumentHandler.csproj", "{0A48DBB7-6905-4BAA-A1A2-181861C0F8DF}"
EndProject
Project("{9A19103F-16F7-4668-BE54-9A1E7A4F7556}") = "PdfDocumentHandler.UnitTest", "test\PdfDocumentHandler.UnitTest\PdfDocumentHandler.UnitTest.csproj", "{39FC56E9-EA30-4EDF-A0C2-6FA13843737C}"
EndProject
Project("{54435603-DBB4-11D2-8724-00A0C9A8B90C}") = "PdfDocumentHandler.Setup", "setup\PdfDocumentHandler.Setup\PdfDocumentHandler.Setup.vdproj", "{791B0A1F-BE11-4B5F-85F6-A590144B86B8}"
EndProject
Global
	GlobalSection(SolutionConfigurationPlatforms) = preSolution
		Debug|Any CPU = Debug|Any CPU
		Release|Any CPU = Release|Any CPU
	EndGlobalSection
	GlobalSection(ProjectConfigurationPlatforms) = postSolution
		{0A48DBB7-6905-4BAA-A1A2-181861C0F8DF}.Debug|Any CPU.ActiveCfg = Debug|Any CPU
		{0A48DBB7-6905-4BAA-A1A2-181861C0F8DF}.Debug|Any CPU.Build.0 = Debug|Any CPU
		{0A48DBB7-6905-4BAA-A1A2-181861C0F8DF}.Release|Any CPU.ActiveCfg = Release|Any CPU
		{0A48DBB7-6905-4BAA-A1A2-181861C0F8DF}.Release|Any CPU.Build.0 = Release|Any CPU
		{39FC56E9-EA30-4EDF-A0C2-6FA13843737C}.Debug|Any CPU.ActiveCfg = Debug|Any CPU
		{39FC56E9-EA30-4EDF-A0C2-6FA13843737C}.Debug|Any CPU.Build.0 = Debug|Any CPU
		{39FC56E9-EA30-4EDF-A0C2-6FA13843737C}.Release|Any CPU.ActiveCfg = Release|Any CPU
		{39FC56E9-EA30-4EDF-A0C2-6FA13843737C}.Release|Any CPU.Build.0 = Release|Any CPU
		{791B0A1F-BE11-4B5F-85F6-A590144B86B8}.Debug|Any CPU.ActiveCfg = Debug
		{791B0A1F-BE11-4B5F-85F6-A590144B86B8}.Release|Any CPU.ActiveCfg = Release
	EndGlobalSection
	GlobalSection(SolutionProperties) = preSolution
		HideSolutionNode = FALSE
	EndGlobalSection
	GlobalSection(ExtensibilityGlobals) = postSolution
		SolutionGuid = {D23FEA8E-7590-4C7F-BD73-ACF74AA640FE}
	EndGlobalSection
EndGlobal
